
Microsoft Visual Studio Solution File, Format Version 12.00
# Visual Studio Version 17
VisualStudioVersion = 17.2.32602.215
MinimumVisualStudioVersion = 10.0.40219.1
Project("{9A19103F-16F7-4668-BE54-9A1E7A4F7556}") = "Server", "src\Server\Server.csproj", "{0FF074E1-A3D9-49D0-AE52-7DDD6455201F}"
EndProject
Project("{9A19103F-16F7-4668-BE54-9A1E7A4F7556}") = "WinFormsClient", "src\WinFormsClient\WinFormsClient.csproj", "{68B8A854-BC60-42CE-8FBB-8C0C49AAEF70}"
EndProject
Global
	GlobalSection(SolutionConfigurationPlatforms) = preSolution
		Debug|Any CPU = Debug|Any CPU
		Release|Any CPU = Release|Any CPU
	EndGlobalSection
	GlobalSection(ProjectConfigurationPlatforms) = postSolution
		{0FF074E1-A3D9-49D0-AE52-7DDD6455201F}.Debug|Any CPU.ActiveCfg = Debug|Any CPU
		{0FF074E1-A3D9-49D0-AE52-7DDD6455201F}.Debug|Any CPU.Build.0 = Debug|Any CPU
		{0FF074E1-A3D9-49D0-AE52-7DDD6455201F}.Release|Any CPU.ActiveCfg = Release|Any CPU
		{0FF074E1-A3D9-49D0-AE52-7DDD6455201F}.Release|Any CPU.Build.0 = Release|Any CPU
		{68B8A854-BC60-42CE-8FBB-8C0C49AAEF70}.Debug|Any CPU.ActiveCfg = Debug|Any CPU
		{68B8A854-BC60-42CE-8FBB-8C0C49AAEF70}.Debug|Any CPU.Build.0 = Debug|Any CPU
		{68B8A854-BC60-42CE-8FBB-8C0C49AAEF70}.Release|Any CPU.ActiveCfg = Release|Any CPU
		{68B8A854-BC60-42CE-8FBB-8C0C49AAEF70}.Release|Any CPU.Build.0 = Release|Any CPU
	EndGlobalSection
	GlobalSection(SolutionProperties) = preSolution
		HideSolutionNode = FALSE
	EndGlobalSection
	GlobalSection(ExtensibilityGlobals) = postSolution
		SolutionGuid = {C1E0C209-4791-445C-B6DE-501332DE06F1}
	EndGlobalSection
EndGlobal
